
Microsoft Visual Studio Solution File, Format Version 12.00
# Visual Studio 2012
Project("{FAE04EC0-301F-11D3-BF4B-00C04F79EFBC}") = "AppEventViewer", "AppEventViewer\AppEventViewer.csproj", "{1A3B9C1D-5F71-46FB-A52D-EA1917DAB503}"
EndProject
Project("{FAE04EC0-301F-11D3-BF4B-00C04F79EFBC}") = "AppEventViewer.Tests", "AppEventViewer.Tests\AppEventViewer.Tests.csproj", "{2179AAE6-23D8-4D79-8237-BBBE3D9B028F}"
EndProject
Global
	GlobalSection(SolutionConfigurationPlatforms) = preSolution
		Debug|Any CPU = Debug|Any CPU
		Release|Any CPU = Release|Any CPU
	EndGlobalSection
	GlobalSection(ProjectConfigurationPlatforms) = postSolution
		{1A3B9C1D-5F71-46FB-A52D-EA1917DAB503}.Debug|Any CPU.ActiveCfg = Debug|Any CPU
		{1A3B9C1D-5F71-46FB-A52D-EA1917DAB503}.Debug|Any CPU.Build.0 = Debug|Any CPU
		{1A3B9C1D-5F71-46FB-A52D-EA1917DAB503}.Release|Any CPU.ActiveCfg = Release|Any CPU
		{1A3B9C1D-5F71-46FB-A52D-EA1917DAB503}.Release|Any CPU.Build.0 = Release|Any CPU
		{2179AAE6-23D8-4D79-8237-BBBE3D9B028F}.Debug|Any CPU.ActiveCfg = Debug|Any CPU
		{2179AAE6-23D8-4D79-8237-BBBE3D9B028F}.Debug|Any CPU.Build.0 = Debug|Any CPU
		{2179AAE6-23D8-4D79-8237-BBBE3D9B028F}.Release|Any CPU.ActiveCfg = Release|Any CPU
		{2179AAE6-23D8-4D79-8237-BBBE3D9B028F}.Release|Any CPU.Build.0 = Release|Any CPU
	EndGlobalSection
	GlobalSection(SolutionProperties) = preSolution
		HideSolutionNode = FALSE
	EndGlobalSection
EndGlobal
